
Microsoft Visual Studio Solution File, Format Version 12.00
# Visual Studio 15
VisualStudioVersion = 15.0.28010.0
MinimumVisualStudioVersion = 10.0.40219.1
Project("{FAE04EC0-301F-11D3-BF4B-00C04F79EFBC}") = "OeCheckDevices", "OeCheckDevices\OeCheckDevices.csproj", "{0C95EF1C-ABE6-4710-9C5A-14973199A352}"
EndProject
Global
	GlobalSection(SolutionConfigurationPlatforms) = preSolution
		Debug|Any CPU = Debug|Any CPU
		Release|Any CPU = Release|Any CPU
	EndGlobalSection
	GlobalSection(ProjectConfigurationPlatforms) = postSolution
		{0C95EF1C-ABE6-4710-9C5A-14973199A352}.Debug|Any CPU.ActiveCfg = Debug|Any CPU
		{0C95EF1C-ABE6-4710-9C5A-14973199A352}.Debug|Any CPU.Build.0 = Debug|Any CPU
		{0C95EF1C-ABE6-4710-9C5A-14973199A352}.Release|Any CPU.ActiveCfg = Release|Any CPU
		{0C95EF1C-ABE6-4710-9C5A-14973199A352}.Release|Any CPU.Build.0 = Release|Any CPU
	EndGlobalSection
	GlobalSection(SolutionProperties) = preSolution
		HideSolutionNode = FALSE
	EndGlobalSection
	GlobalSection(ExtensibilityGlobals) = postSolution
		SolutionGuid = {52C9321A-88A9-4358-BCF5-75ED89B8C5A3}
	EndGlobalSection
EndGlobal
